
Microsoft Visual Studio Solution File, Format Version 12.00
# Visual Studio Version 17
VisualStudioVersion = 17.8.34408.163
MinimumVisualStudioVersion = 10.0.40219.1
Project("{9A19103F-16F7-4668-BE54-9A1E7A4F7556}") = "Course Scheduler", "Course Scheduler\Course Scheduler.csproj", "{EEBA24F1-A32E-4BD8-BAC9-C99E559732F8}"
EndProject
Global
	GlobalSection(SolutionConfigurationPlatforms) = preSolution
		Debug|Any CPU = Debug|Any CPU
		Release|Any CPU = Release|Any CPU
	EndGlobalSection
	GlobalSection(ProjectConfigurationPlatforms) = postSolution
		{EEBA24F1-A32E-4BD8-BAC9-C99E559732F8}.Debug|Any CPU.ActiveCfg = Debug|Any CPU
		{EEBA24F1-A32E-4BD8-BAC9-C99E559732F8}.Debug|Any CPU.Build.0 = Debug|Any CPU
		{EEBA24F1-A32E-4BD8-BAC9-C99E559732F8}.Release|Any CPU.ActiveCfg = Release|Any CPU
		{EEBA24F1-A32E-4BD8-BAC9-C99E559732F8}.Release|Any CPU.Build.0 = Release|Any CPU
	EndGlobalSection
	GlobalSection(SolutionProperties) = preSolution
		HideSolutionNode = FALSE
	EndGlobalSection
	GlobalSection(ExtensibilityGlobals) = postSolution
		SolutionGuid = {B0FF0DC3-D654-401C-A709-1C2EF44CFE2D}
	EndGlobalSection
EndGlobal
